// !$*UTF8*$!
{
	archiveVersion = 1;
	classes = {
	};
	objectVersion = 50;
	objects = {

/* Begin PBXBuildFile section */
		962F3072228AAD9F001763DB /* vuforia_binding.mm in Sources */ = {isa = PBXBuildFile; fileRef = 962F3071228AAD9F001763DB /* vuforia_binding.mm */; };
		962F3073228AAD9F001763DB /* vuforia_binding.h in CopyFiles */ = {isa = PBXBuildFile; fileRef = 962F3070228AAD9F001763DB /* vuforia_binding.h */; };
		962F307B228AB7D2001763DB /* Vuforia.framework in Frameworks */ = {isa = PBXBuildFile; fileRef = 962F307A228AB7D2001763DB /* Vuforia.framework */; };
/* End PBXBuildFile section */

/* Begin PBXCopyFilesBuildPhase section */
		962F306B228AAD9E001763DB /* CopyFiles */ = {
			isa = PBXCopyFilesBuildPhase;
			buildActionMask = 2147483647;
			dstPath = "include/$(PRODUCT_NAME)";
			dstSubfolderSpec = 16;
			files = (
				962F3073228AAD9F001763DB /* vuforia_binding.h in CopyFiles */,
			);
			runOnlyForDeploymentPostprocessing = 0;
		};
/* End PBXCopyFilesBuildPhase section */

/* Begin PBXFileReference section */
		962F306D228AAD9F001763DB /* libvuforia.binding.a */ = {isa = PBXFileReference; explicitFileType = archive.ar; includeInIndex = 0; path = libvuforia.binding.a; sourceTree = BUILT_PRODUCTS_DIR; };
		962F3070228AAD9F001763DB /* vuforia_binding.h */ = {isa = PBXFileReference; lastKnownFileType = sourcecode.c.h; path = vuforia_binding.h; sourceTree = "<group>"; };
		962F3071228AAD9F001763DB /* vuforia_binding.mm */ = {isa = PBXFileReference; lastKnownFileType = sourcecode.cpp.objcpp; path = vuforia_binding.mm; sourceTree = "<group>"; };
		962F307A228AB7D2001763DB /* Vuforia.framework */ = {isa = PBXFileReference; lastKnownFileType = wrapper.framework; name = Vuforia.framework; path = "../../Downloads/vuforia-sdk-ios-8-1-10/build/Vuforia.framework"; sourceTree = "<group>"; };
/* End PBXFileReference section */

/* Begin PBXFrameworksBuildPhase section */
		962F306A228AAD9E001763DB /* Frameworks */ = {
			isa = PBXFrameworksBuildPhase;
			buildActionMask = 2147483647;
			files = (
				962F307B228AB7D2001763DB /* Vuforia.framework in Frameworks */,
			);
			runOnlyForDeploymentPostprocessing = 0;
		};
/* End PBXFrameworksBuildPhase section */

/* Begin PBXGroup section */
		962F3064228AAD9E001763DB = {
			isa = PBXGroup;
			children = (
				962F306F228AAD9F001763DB /* vuforia.binding */,
				962F306E228AAD9F001763DB /* Products */,
				962F3079228AB7D1001763DB /* Frameworks */,
			);
			sourceTree = "<group>";
		};
		962F306E228AAD9F001763DB /* Products */ = {
			isa = PBXGroup;
			children = (
				962F306D228AAD9F001763DB /* libvuforia.binding.a */,
			);
			name = Products;
			sourceTree = "<group>";
		};
		962F306F228AAD9F001763DB /* vuforia.binding */ = {
			isa = PBXGroup;
			children = (
				962F3070228AAD9F001763DB /* vuforia_binding.h */,
				962F3071228AAD9F001763DB /* vuforia_binding.mm */,
			);
			path = vuforia.binding;
			sourceTree = "<group>";
		};
		962F3079228AB7D1001763DB /* Frameworks */ = {
			isa = PBXGroup;
			children = (
				962F307A228AB7D2001763DB /* Vuforia.framework */,
			);
			name = Frameworks;
			sourceTree = "<group>";
		};
/* End PBXGroup section */

/* Begin PBXNativeTarget section */
		962F306C228AAD9E001763DB /* vuforia.binding */ = {
			isa = PBXNativeTarget;
			buildConfigurationList = 962F3076228AAD9F001763DB /* Build configuration list for PBXNativeTarget "vuforia.binding" */;
			buildPhases = (
				962F3069228AAD9E001763DB /* Sources */,
				962F306A228AAD9E001763DB /* Frameworks */,
				962F306B228AAD9E001763DB /* CopyFiles */,
			);
			buildRules = (
			);
			dependencies = (
			);
			name = vuforia.binding;
			productName = vuforia.binding;
			productReference = 962F306D228AAD9F001763DB /* libvuforia.binding.a */;
			productType = "com.apple.product-type.library.static";
		};
/* End PBXNativeTarget section */

/* Begin PBXProject section */
		962F3065228AAD9E001763DB /* Project object */ = {
			isa = PBXProject;
			attributes = {
				LastUpgradeCheck = 1020;
				ORGANIZATIONNAME = "Robert Kite";
				TargetAttributes = {
					962F306C228AAD9E001763DB = {
						CreatedOnToolsVersion = 10.2.1;
					};
				};
			};
			buildConfigurationList = 962F3068228AAD9E001763DB /* Build configuration list for PBXProject "vuforia.binding" */;
			compatibilityVersion = "Xcode 9.3";
			developmentRegion = en;
			hasScannedForEncodings = 0;
			knownRegions = (
				en,
			);
			mainGroup = 962F3064228AAD9E001763DB;
			productRefGroup = 962F306E228AAD9F001763DB /* Products */;
			projectDirPath = "";
			projectRoot = "";
			targets = (
				962F306C228AAD9E001763DB /* vuforia.binding */,
			);
		};
/* End PBXProject section */

/* Begin PBXSourcesBuildPhase section */
		962F3069228AAD9E001763DB /* Sources */ = {
			isa = PBXSourcesBuildPhase;
			buildActionMask = 2147483647;
			files = (
				962F3072228AAD9F001763DB /* vuforia_binding.mm in Sources */,
			);
			runOnlyForDeploymentPostprocessing = 0;
		};
/* End PBXSourcesBuildPhase section */

/* Begin XCBuildConfiguration section */
		962F3074228AAD9F001763DB /* Debug */ = {
			isa = XCBuildConfiguration;
			buildSettings = {
				ALWAYS_SEARCH_USER_PATHS = NO;
				CLANG_ANALYZER_NONNULL = YES;
				CLANG_ANALYZER_NUMBER_OBJECT_CONVERSION = YES_AGGRESSIVE;
				CLANG_CXX_LANGUAGE_STANDARD = "gnu++14";
				CLANG_CXX_LIBRARY = "libc++";
				CLANG_ENABLE_MODULES = YES;
				CLANG_ENABLE_OBJC_ARC = YES;
				CLANG_ENABLE_OBJC_WEAK = YES;
				CLANG_WARN_BLOCK_CAPTURE_AUTORELEASING = YES;
				CLANG_WARN_BOOL_CONVERSION = YES;
				CLANG_WARN_COMMA = YES;
				CLANG_WARN_CONSTANT_CONVERSION = YES;
				CLANG_WARN_DEPRECATED_OBJC_IMPLEMENTATIONS = YES;
				CLANG_WARN_DIRECT_OBJC_ISA_USAGE = YES_ERROR;
				CLANG_WARN_DOCUMENTATION_COMMENTS = YES;
				CLANG_WARN_EMPTY_BODY = YES;
				CLANG_WARN_ENUM_CONVERSION = YES;
				CLANG_WARN_INFINITE_RECURSION = YES;
				CLANG_WARN_INT_CONVERSION = YES;
				CLANG_WARN_NON_LITERAL_NULL_CONVERSION = YES;
				CLANG_WARN_OBJC_IMPLICIT_RETAIN_SELF = YES;
				CLANG_WARN_OBJC_LITERAL_CONVERSION = YES;
				CLANG_WARN_OBJC_ROOT_CLASS = YES_ERROR;
				CLANG_WARN_RANGE_LOOP_ANALYSIS = YES;
				CLANG_WARN_STRICT_PROTOTYPES = YES;
				CLANG_WARN_SUSPICIOUS_MOVE = YES;
				CLANG_WARN_UNGUARDED_AVAILABILITY = YES_AGGRESSIVE;
				CLANG_WARN_UNREACHABLE_CODE = YES;
				CLANG_WARN__DUPLICATE_METHOD_MATCH = YES;
				CODE_SIGN_IDENTITY = "iPhone Developer";
				COPY_PHASE_STRIP = NO;
				DEBUG_INFORMATION_FORMAT = dwarf;
				ENABLE_STRICT_OBJC_MSGSEND = YES;
				ENABLE_TESTABILITY = YES;
				GCC_C_LANGUAGE_STANDARD = gnu11;
				GCC_DYNAMIC_NO_PIC = NO;
				GCC_NO_COMMON_BLOCKS = YES;
				GCC_OPTIMIZATION_LEVEL = 0;
				GCC_PREPROCESSOR_DEFINITIONS = (
					"DEBUG=1",
					"$(inherited)",
				);
				GCC_WARN_64_TO_32_BIT_CONVERSION = YES;
				GCC_WARN_ABOUT_RETURN_TYPE = YES_ERROR;
				GCC_WARN_UNDECLARED_SELECTOR = YES;
				GCC_WARN_UNINITIALIZED_AUTOS = YES_AGGRESSIVE;
				GCC_WARN_UNUSED_FUNCTION = YES;
				GCC_WARN_UNUSED_VARIABLE = YES;
				IPHONEOS_DEPLOYMENT_TARGET = 12.2;
				MTL_ENABLE_DEBUG_INFO = INCLUDE_SOURCE;
				MTL_FAST_MATH = YES;
				ONLY_ACTIVE_ARCH = YES;
				SDKROOT = iphoneos;
			};
			name = Debug;
		};
		962F3075228AAD9F001763DB /* Release */ = {
			isa = XCBuildConfiguration;
			buildSettings = {
				ALWAYS_SEARCH_USER_PATHS = NO;
				CLANG_ANALYZER_NONNULL = YES;
				CLANG_ANALYZER_NUMBER_OBJECT_CONVERSION = YES_AGGRESSIVE;
				CLANG_CXX_LANGUAGE_STANDARD = "gnu++14";
				CLANG_CXX_LIBRARY = "libc++";
				CLANG_ENABLE_MODULES = YES;
				CLANG_ENABLE_OBJC_ARC = YES;
				CLANG_ENABLE_OBJC_WEAK = YES;
				CLANG_WARN_BLOCK_CAPTURE_AUTORELEASING = YES;
				CLANG_WARN_BOOL_CONVERSION = YES;
				CLANG_WARN_COMMA = YES;
				CLANG_WARN_CONSTANT_CONVERSION = YES;
				CLANG_WARN_DEPRECATED_OBJC_IMPLEMENTATIONS = YES;
				CLANG_WARN_DIRECT_OBJC_ISA_USAGE = YES_ERROR;
				CLANG_WARN_DOCUMENTATION_COMMENTS = YES;
				CLANG_WARN_EMPTY_BODY = YES;
				CLANG_WARN_ENUM_CONVERSION = YES;
				CLANG_WARN_INFINITE_RECURSION = YES;
				CLANG_WARN_INT_CONVERSION = YES;
				CLANG_WARN_NON_LITERAL_NULL_CONVERSION = YES;
				CLANG_WARN_OBJC_IMPLICIT_RETAIN_SELF = YES;
				CLANG_WARN_OBJC_LITERAL_CONVERSION = YES;
				CLANG_WARN_OBJC_ROOT_CLASS = YES_ERROR;
				CLANG_WARN_RANGE_LOOP_ANALYSIS = YES;
				CLANG_WARN_STRICT_PROTOTYPES = YES;
				CLANG_WARN_SUSPICIOUS_MOVE = YES;
				CLANG_WARN_UNGUARDED_AVAILABILITY = YES_AGGRESSIVE;
				CLANG_WARN_UNREACHABLE_CODE = YES;
				CLANG_WARN__DUPLICATE_METHOD_MATCH = YES;
				CODE_SIGN_IDENTITY = "iPhone Developer";
				COPY_PHASE_STRIP = NO;
				DEBUG_INFORMATION_FORMAT = "dwarf-with-dsym";
				ENABLE_NS_ASSERTIONS = NO;
				ENABLE_STRICT_OBJC_MSGSEND = YES;
				GCC_C_LANGUAGE_STANDARD = gnu11;
				GCC_NO_COMMON_BLOCKS = YES;
				GCC_WARN_64_TO_32_BIT_CONVERSION = YES;
				GCC_WARN_ABOUT_RETURN_TYPE = YES_ERROR;
				GCC_WARN_UNDECLARED_SELECTOR = YES;
				GCC_WARN_UNINITIALIZED_AUTOS = YES_AGGRESSIVE;
				GCC_WARN_UNUSED_FUNCTION = YES;
				GCC_WARN_UNUSED_VARIABLE = YES;
				IPHONEOS_DEPLOYMENT_TARGET = 12.2;
				MTL_ENABLE_DEBUG_INFO = NO;
				MTL_FAST_MATH = YES;
				SDKROOT = iphoneos;
				VALIDATE_PRODUCT = YES;
			};
			name = Release;
		};
		962F3077228AAD9F001763DB /* Debug */ = {
			isa = XCBuildConfiguration;
			buildSettings = {
				CODE_SIGN_STYLE = Automatic;
				FRAMEWORK_SEARCH_PATHS = "/Users/simonturner/Downloads/vuforia-sdk-ios-8-1-10/build";
				HEADER_SEARCH_PATHS = "/Users/simonturner/Downloads/vuforia-sdk-ios-8-1-10/build";
				IPHONEOS_DEPLOYMENT_TARGET = 10.0;
				OTHER_LDFLAGS = "-ObjC";
				PRODUCT_NAME = "$(TARGET_NAME)";
				SKIP_INSTALL = YES;
				TARGETED_DEVICE_FAMILY = "1,2";
			};
			name = Debug;
		};
		962F3078228AAD9F001763DB /* Release */ = {
			isa = XCBuildConfiguration;
			buildSettings = {
				CODE_SIGN_STYLE = Automatic;
				FRAMEWORK_SEARCH_PATHS = "/Users/simonturner/Downloads/vuforia-sdk-ios-8-1-10/build";
				HEADER_SEARCH_PATHS = "/Users/simonturner/Downloads/vuforia-sdk-ios-8-1-10/build";
				IPHONEOS_DEPLOYMENT_TARGET = 10.0;
				ONLY_ACTIVE_ARCH = YES;
				OTHER_LDFLAGS = "-ObjC";
				PRODUCT_NAME = "$(TARGET_NAME)";
				SKIP_INSTALL = YES;
				TARGETED_DEVICE_FAMILY = "1,2";
			};
			name = Release;
		};
/* End XCBuildConfiguration section */

/* Begin XCConfigurationList section */
		962F3068228AAD9E001763DB /* Build configuration list for PBXProject "vuforia.binding" */ = {
			isa = XCConfigurationList;
			buildConfigurations = (
				962F3074228AAD9F001763DB /* Debug */,
				962F3075228AAD9F001763DB /* Release */,
			);
			defaultConfigurationIsVisible = 0;
			defaultConfigurationName = Release;
		};
		962F3076228AAD9F001763DB /* Build configuration list for PBXNativeTarget "vuforia.binding" */ = {
			isa = XCConfigurationList;
			buildConfigurations = (
				962F3077228AAD9F001763DB /* Debug */,
				962F3078228AAD9F001763DB /* Release */,
			);
			defaultConfigurationIsVisible = 0;
			defaultConfigurationName = Release;
		};
/* End XCConfigurationList section */
	};
	rootObject = 962F3065228AAD9E001763DB /* Project object */;
}
